
Microsoft Visual Studio Solution File, Format Version 12.00
# Visual Studio Version 17
VisualStudioVersion = 17.7.34031.279
MinimumVisualStudioVersion = 10.0.40219.1
Project("{9A19103F-16F7-4668-BE54-9A1E7A4F7556}") = "Layouts", "Layouts\Layouts.csproj", "{7421CF7C-FFF8-4FE4-A351-1EC899FE2CA3}"
EndProject
Project("{FAE04EC0-301F-11D3-BF4B-00C04F79EFBC}") = "Buttons", "Buttons\Buttons.csproj", "{82825A08-6E0D-4988-B08F-5BB0457BDCD6}"
EndProject
Project("{FAE04EC0-301F-11D3-BF4B-00C04F79EFBC}") = "DataView", "DataView\DataView.csproj", "{3101BED9-8003-4A4B-BAB0-DD8311E06B7D}"
EndProject
Project("{FAE04EC0-301F-11D3-BF4B-00C04F79EFBC}") = "Menus", "Menus\Menus.csproj", "{C9E86425-3C5B-4AFE-B5BB-BC6CE7488628}"
EndProject
Global
	GlobalSection(SolutionConfigurationPlatforms) = preSolution
		Debug|Any CPU = Debug|Any CPU
		Release|Any CPU = Release|Any CPU
	EndGlobalSection
	GlobalSection(ProjectConfigurationPlatforms) = postSolution
		{7421CF7C-FFF8-4FE4-A351-1EC899FE2CA3}.Debug|Any CPU.ActiveCfg = Debug|Any CPU
		{7421CF7C-FFF8-4FE4-A351-1EC899FE2CA3}.Debug|Any CPU.Build.0 = Debug|Any CPU
		{7421CF7C-FFF8-4FE4-A351-1EC899FE2CA3}.Release|Any CPU.ActiveCfg = Release|Any CPU
		{7421CF7C-FFF8-4FE4-A351-1EC899FE2CA3}.Release|Any CPU.Build.0 = Release|Any CPU
		{82825A08-6E0D-4988-B08F-5BB0457BDCD6}.Debug|Any CPU.ActiveCfg = Debug|Any CPU
		{82825A08-6E0D-4988-B08F-5BB0457BDCD6}.Debug|Any CPU.Build.0 = Debug|Any CPU
		{82825A08-6E0D-4988-B08F-5BB0457BDCD6}.Release|Any CPU.ActiveCfg = Release|Any CPU
		{82825A08-6E0D-4988-B08F-5BB0457BDCD6}.Release|Any CPU.Build.0 = Release|Any CPU
		{3101BED9-8003-4A4B-BAB0-DD8311E06B7D}.Debug|Any CPU.ActiveCfg = Debug|Any CPU
		{3101BED9-8003-4A4B-BAB0-DD8311E06B7D}.Debug|Any CPU.Build.0 = Debug|Any CPU
		{3101BED9-8003-4A4B-BAB0-DD8311E06B7D}.Release|Any CPU.ActiveCfg = Release|Any CPU
		{3101BED9-8003-4A4B-BAB0-DD8311E06B7D}.Release|Any CPU.Build.0 = Release|Any CPU
		{C9E86425-3C5B-4AFE-B5BB-BC6CE7488628}.Debug|Any CPU.ActiveCfg = Debug|Any CPU
		{C9E86425-3C5B-4AFE-B5BB-BC6CE7488628}.Debug|Any CPU.Build.0 = Debug|Any CPU
		{C9E86425-3C5B-4AFE-B5BB-BC6CE7488628}.Release|Any CPU.ActiveCfg = Release|Any CPU
		{C9E86425-3C5B-4AFE-B5BB-BC6CE7488628}.Release|Any CPU.Build.0 = Release|Any CPU
	EndGlobalSection
	GlobalSection(SolutionProperties) = preSolution
		HideSolutionNode = FALSE
	EndGlobalSection
	GlobalSection(ExtensibilityGlobals) = postSolution
		SolutionGuid = {0E8B2BDD-DC45-4BA6-BBE2-1F2CFFDB07E0}
	EndGlobalSection
EndGlobal
